
Microsoft Visual Studio Solution File, Format Version 12.00
# Visual Studio Version 17
VisualStudioVersion = 17.6.33829.357
MinimumVisualStudioVersion = 10.0.40219.1
Project("{FAE04EC0-301F-11D3-BF4B-00C04F79EFBC}") = "AircraftGridTraversal", "AircraftGridTraversal\AircraftGridTraversal.csproj", "{0D01D855-3FB2-410F-B52E-784D85BA771E}"
EndProject
Global
	GlobalSection(SolutionConfigurationPlatforms) = preSolution
		Debug|Any CPU = Debug|Any CPU
		Release|Any CPU = Release|Any CPU
	EndGlobalSection
	GlobalSection(ProjectConfigurationPlatforms) = postSolution
		{0D01D855-3FB2-410F-B52E-784D85BA771E}.Debug|Any CPU.ActiveCfg = Debug|Any CPU
		{0D01D855-3FB2-410F-B52E-784D85BA771E}.Debug|Any CPU.Build.0 = Debug|Any CPU
		{0D01D855-3FB2-410F-B52E-784D85BA771E}.Release|Any CPU.ActiveCfg = Release|Any CPU
		{0D01D855-3FB2-410F-B52E-784D85BA771E}.Release|Any CPU.Build.0 = Release|Any CPU
	EndGlobalSection
	GlobalSection(SolutionProperties) = preSolution
		HideSolutionNode = FALSE
	EndGlobalSection
	GlobalSection(ExtensibilityGlobals) = postSolution
		SolutionGuid = {123ECA20-E6FD-4EAB-A9C7-7574DF9AF777}
	EndGlobalSection
EndGlobal
